// !$*UTF8*$!
{
	archiveVersion = 1;
	classes = {
	};
	objectVersion = 46;
	objects = {

/* Begin PBXBuildFile section */
		FAE11F3E1721869100374D47 /* UIKit.framework in Frameworks */ = {isa = PBXBuildFile; fileRef = FAE11F3D1721869100374D47 /* UIKit.framework */; };
		FAE11F401721869100374D47 /* Foundation.framework in Frameworks */ = {isa = PBXBuildFile; fileRef = FAE11F3F1721869100374D47 /* Foundation.framework */; };
		FAE11F421721869100374D47 /* CoreGraphics.framework in Frameworks */ = {isa = PBXBuildFile; fileRef = FAE11F411721869100374D47 /* CoreGraphics.framework */; };
		FAE11F481721869100374D47 /* InfoPlist.strings in Resources */ = {isa = PBXBuildFile; fileRef = FAE11F461721869100374D47 /* InfoPlist.strings */; };
		FAE11F4A1721869100374D47 /* main.m in Sources */ = {isa = PBXBuildFile; fileRef = FAE11F491721869100374D47 /* main.m */; };
		FAE11F4E1721869100374D47 /* CMAppDelegate.m in Sources */ = {isa = PBXBuildFile; fileRef = FAE11F4D1721869100374D47 /* CMAppDelegate.m */; };
		FAE11F501721869100374D47 /* Default.png in Resources */ = {isa = PBXBuildFile; fileRef = FAE11F4F1721869100374D47 /* Default.png */; };
		FAE11F521721869100374D47 /* Default@2x.png in Resources */ = {isa = PBXBuildFile; fileRef = FAE11F511721869100374D47 /* Default@2x.png */; };
		FAE11F541721869100374D47 /* Default-568h@2x.png in Resources */ = {isa = PBXBuildFile; fileRef = FAE11F531721869100374D47 /* Default-568h@2x.png */; };
		FAE11F571721869200374D47 /* MainStoryboard_iPhone.storyboard in Resources */ = {isa = PBXBuildFile; fileRef = FAE11F551721869100374D47 /* MainStoryboard_iPhone.storyboard */; };
		FAE11F5A1721869200374D47 /* MainStoryboard_iPad.storyboard in Resources */ = {isa = PBXBuildFile; fileRef = FAE11F581721869200374D47 /* MainStoryboard_iPad.storyboard */; };
/* End PBXBuildFile section */

/* Begin PBXContainerItemProxy section */
		FAE11F7217218CC900374D47 /* PBXContainerItemProxy */ = {
			isa = PBXContainerItemProxy;
			containerPortal = FAE11F6E17218CC900374D47 /* ClientServerInteraction.iOS.xcodeproj */;
			proxyType = 2;
			remoteGlobalIDString = FA6AC5DC17098631008C60F6;
			remoteInfo = ClientServerInteraction.iOS;
		};
/* End PBXContainerItemProxy section */

/* Begin PBXFileReference section */
		FAE11F3A1721869100374D47 /* CardioMood.app */ = {isa = PBXFileReference; explicitFileType = wrapper.application; includeInIndex = 0; path = CardioMood.app; sourceTree = BUILT_PRODUCTS_DIR; };
		FAE11F3D1721869100374D47 /* UIKit.framework */ = {isa = PBXFileReference; lastKnownFileType = wrapper.framework; name = UIKit.framework; path = System/Library/Frameworks/UIKit.framework; sourceTree = SDKROOT; };
		FAE11F3F1721869100374D47 /* Foundation.framework */ = {isa = PBXFileReference; lastKnownFileType = wrapper.framework; name = Foundation.framework; path = System/Library/Frameworks/Foundation.framework; sourceTree = SDKROOT; };
		FAE11F411721869100374D47 /* CoreGraphics.framework */ = {isa = PBXFileReference; lastKnownFileType = wrapper.framework; name = CoreGraphics.framework; path = System/Library/Frameworks/CoreGraphics.framework; sourceTree = SDKROOT; };
		FAE11F451721869100374D47 /* CardioMood-Info.plist */ = {isa = PBXFileReference; lastKnownFileType = text.plist.xml; path = "CardioMood-Info.plist"; sourceTree = "<group>"; };
		FAE11F471721869100374D47 /* en */ = {isa = PBXFileReference; lastKnownFileType = text.plist.strings; name = en; path = en.lproj/InfoPlist.strings; sourceTree = "<group>"; };
		FAE11F491721869100374D47 /* main.m */ = {isa = PBXFileReference; lastKnownFileType = sourcecode.c.objc; path = main.m; sourceTree = "<group>"; };
		FAE11F4B1721869100374D47 /* CardioMood-Prefix.pch */ = {isa = PBXFileReference; lastKnownFileType = sourcecode.c.h; path = "CardioMood-Prefix.pch"; sourceTree = "<group>"; };
		FAE11F4C1721869100374D47 /* CMAppDelegate.h */ = {isa = PBXFileReference; lastKnownFileType = sourcecode.c.h; path = CMAppDelegate.h; sourceTree = "<group>"; };
		FAE11F4D1721869100374D47 /* CMAppDelegate.m */ = {isa = PBXFileReference; lastKnownFileType = sourcecode.c.objc; path = CMAppDelegate.m; sourceTree = "<group>"; };
		FAE11F4F1721869100374D47 /* Default.png */ = {isa = PBXFileReference; lastKnownFileType = image.png; path = Default.png; sourceTree = "<group>"; };
		FAE11F511721869100374D47 /* Default@2x.png */ = {isa = PBXFileReference; lastKnownFileType = image.png; path = "Default@2x.png"; sourceTree = "<group>"; };
		FAE11F531721869100374D47 /* Default-568h@2x.png */ = {isa = PBXFileReference; lastKnownFileType = image.png; path = "Default-568h@2x.png"; sourceTree = "<group>"; };
		FAE11F561721869100374D47 /* en */ = {isa = PBXFileReference; lastKnownFileType = file.storyboard; name = en; path = en.lproj/MainStoryboard_iPhone.storyboard; sourceTree = "<group>"; };
		FAE11F591721869200374D47 /* en */ = {isa = PBXFileReference; lastKnownFileType = file.storyboard; name = en; path = en.lproj/MainStoryboard_iPad.storyboard; sourceTree = "<group>"; };
		FAE11F6E17218CC900374D47 /* ClientServerInteraction.iOS.xcodeproj */ = {isa = PBXFileReference; lastKnownFileType = "wrapper.pb-project"; name = ClientServerInteraction.iOS.xcodeproj; path = ClientServerInteraction.iOS/ClientServerInteraction.iOS.xcodeproj; sourceTree = "<group>"; };
/* End PBXFileReference section */

/* Begin PBXFrameworksBuildPhase section */
		FAE11F371721869100374D47 /* Frameworks */ = {
			isa = PBXFrameworksBuildPhase;
			buildActionMask = 2147483647;
			files = (
				FAE11F3E1721869100374D47 /* UIKit.framework in Frameworks */,
				FAE11F401721869100374D47 /* Foundation.framework in Frameworks */,
				FAE11F421721869100374D47 /* CoreGraphics.framework in Frameworks */,
			);
			runOnlyForDeploymentPostprocessing = 0;
		};
/* End PBXFrameworksBuildPhase section */

/* Begin PBXGroup section */
		FAE11F311721869100374D47 = {
			isa = PBXGroup;
			children = (
				FAE11F431721869100374D47 /* CardioMood */,
				FAE11F3C1721869100374D47 /* Frameworks */,
				FAE11F3B1721869100374D47 /* Products */,
				FAE11F6E17218CC900374D47 /* ClientServerInteraction.iOS.xcodeproj */,
			);
			sourceTree = "<group>";
		};
		FAE11F3B1721869100374D47 /* Products */ = {
			isa = PBXGroup;
			children = (
				FAE11F3A1721869100374D47 /* CardioMood.app */,
			);
			name = Products;
			sourceTree = "<group>";
		};
		FAE11F3C1721869100374D47 /* Frameworks */ = {
			isa = PBXGroup;
			children = (
				FAE11F3D1721869100374D47 /* UIKit.framework */,
				FAE11F3F1721869100374D47 /* Foundation.framework */,
				FAE11F411721869100374D47 /* CoreGraphics.framework */,
			);
			name = Frameworks;
			sourceTree = "<group>";
		};
		FAE11F431721869100374D47 /* CardioMood */ = {
			isa = PBXGroup;
			children = (
				FAE11F4C1721869100374D47 /* CMAppDelegate.h */,
				FAE11F4D1721869100374D47 /* CMAppDelegate.m */,
				FAE11F551721869100374D47 /* MainStoryboard_iPhone.storyboard */,
				FAE11F581721869200374D47 /* MainStoryboard_iPad.storyboard */,
				FAE11F441721869100374D47 /* Supporting Files */,
			);
			path = CardioMood;
			sourceTree = "<group>";
		};
		FAE11F441721869100374D47 /* Supporting Files */ = {
			isa = PBXGroup;
			children = (
				FAE11F451721869100374D47 /* CardioMood-Info.plist */,
				FAE11F461721869100374D47 /* InfoPlist.strings */,
				FAE11F491721869100374D47 /* main.m */,
				FAE11F4B1721869100374D47 /* CardioMood-Prefix.pch */,
				FAE11F4F1721869100374D47 /* Default.png */,
				FAE11F511721869100374D47 /* Default@2x.png */,
				FAE11F531721869100374D47 /* Default-568h@2x.png */,
			);
			name = "Supporting Files";
			sourceTree = "<group>";
		};
		FAE11F6F17218CC900374D47 /* Products */ = {
			isa = PBXGroup;
			children = (
				FAE11F7317218CC900374D47 /* libClientServerInteraction.iOS.a */,
			);
			name = Products;
			sourceTree = "<group>";
		};
/* End PBXGroup section */

/* Begin PBXNativeTarget section */
		FAE11F391721869100374D47 /* CardioMood */ = {
			isa = PBXNativeTarget;
			buildConfigurationList = FAE11F6B1721869200374D47 /* Build configuration list for PBXNativeTarget "CardioMood" */;
			buildPhases = (
				FAE11F361721869100374D47 /* Sources */,
				FAE11F371721869100374D47 /* Frameworks */,
				FAE11F381721869100374D47 /* Resources */,
			);
			buildRules = (
			);
			dependencies = (
			);
			name = CardioMood;
			productName = CardioMood;
			productReference = FAE11F3A1721869100374D47 /* CardioMood.app */;
			productType = "com.apple.product-type.application";
		};
/* End PBXNativeTarget section */

/* Begin PBXProject section */
		FAE11F321721869100374D47 /* Project object */ = {
			isa = PBXProject;
			attributes = {
				CLASSPREFIX = CM;
				LastUpgradeCheck = 0460;
				ORGANIZATIONNAME = "Alexander O. Taraymovich";
			};
			buildConfigurationList = FAE11F351721869100374D47 /* Build configuration list for PBXProject "CardioMood" */;
			compatibilityVersion = "Xcode 3.2";
			developmentRegion = English;
			hasScannedForEncodings = 0;
			knownRegions = (
				en,
			);
			mainGroup = FAE11F311721869100374D47;
			productRefGroup = FAE11F3B1721869100374D47 /* Products */;
			projectDirPath = "";
			projectReferences = (
				{
					ProductGroup = FAE11F6F17218CC900374D47 /* Products */;
					ProjectRef = FAE11F6E17218CC900374D47 /* ClientServerInteraction.iOS.xcodeproj */;
				},
			);
			projectRoot = "";
			targets = (
				FAE11F391721869100374D47 /* CardioMood */,
			);
		};
/* End PBXProject section */

/* Begin PBXReferenceProxy section */
		FAE11F7317218CC900374D47 /* libClientServerInteraction.iOS.a */ = {
			isa = PBXReferenceProxy;
			fileType = archive.ar;
			path = libClientServerInteraction.iOS.a;
			remoteRef = FAE11F7217218CC900374D47 /* PBXContainerItemProxy */;
			sourceTree = BUILT_PRODUCTS_DIR;
		};
/* End PBXReferenceProxy section */

/* Begin PBXResourcesBuildPhase section */
		FAE11F381721869100374D47 /* Resources */ = {
			isa = PBXResourcesBuildPhase;
			buildActionMask = 2147483647;
			files = (
				FAE11F481721869100374D47 /* InfoPlist.strings in Resources */,
				FAE11F501721869100374D47 /* Default.png in Resources */,
				FAE11F521721869100374D47 /* Default@2x.png in Resources */,
				FAE11F541721869100374D47 /* Default-568h@2x.png in Resources */,
				FAE11F571721869200374D47 /* MainStoryboard_iPhone.storyboard in Resources */,
				FAE11F5A1721869200374D47 /* MainStoryboard_iPad.storyboard in Resources */,
			);
			runOnlyForDeploymentPostprocessing = 0;
		};
/* End PBXResourcesBuildPhase section */

/* Begin PBXSourcesBuildPhase section */
		FAE11F361721869100374D47 /* Sources */ = {
			isa = PBXSourcesBuildPhase;
			buildActionMask = 2147483647;
			files = (
				FAE11F4A1721869100374D47 /* main.m in Sources */,
				FAE11F4E1721869100374D47 /* CMAppDelegate.m in Sources */,
			);
			runOnlyForDeploymentPostprocessing = 0;
		};
/* End PBXSourcesBuildPhase section */

/* Begin PBXVariantGroup section */
		FAE11F461721869100374D47 /* InfoPlist.strings */ = {
			isa = PBXVariantGroup;
			children = (
				FAE11F471721869100374D47 /* en */,
			);
			name = InfoPlist.strings;
			sourceTree = "<group>";
		};
		FAE11F551721869100374D47 /* MainStoryboard_iPhone.storyboard */ = {
			isa = PBXVariantGroup;
			children = (
				FAE11F561721869100374D47 /* en */,
			);
			name = MainStoryboard_iPhone.storyboard;
			sourceTree = "<group>";
		};
		FAE11F581721869200374D47 /* MainStoryboard_iPad.storyboard */ = {
			isa = PBXVariantGroup;
			children = (
				FAE11F591721869200374D47 /* en */,
			);
			name = MainStoryboard_iPad.storyboard;
			sourceTree = "<group>";
		};
/* End PBXVariantGroup section */

/* Begin XCBuildConfiguration section */
		FAE11F691721869200374D47 /* Debug */ = {
			isa = XCBuildConfiguration;
			buildSettings = {
				ALWAYS_SEARCH_USER_PATHS = NO;
				CLANG_CXX_LANGUAGE_STANDARD = "gnu++0x";
				CLANG_CXX_LIBRARY = "libc++";
				CLANG_ENABLE_OBJC_ARC = YES;
				CLANG_WARN_CONSTANT_CONVERSION = YES;
				CLANG_WARN_EMPTY_BODY = YES;
				CLANG_WARN_ENUM_CONVERSION = YES;
				CLANG_WARN_INT_CONVERSION = YES;
				CLANG_WARN__DUPLICATE_METHOD_MATCH = YES;
				"CODE_SIGN_IDENTITY[sdk=iphoneos*]" = "iPhone Developer";
				COPY_PHASE_STRIP = NO;
				GCC_C_LANGUAGE_STANDARD = gnu99;
				GCC_DYNAMIC_NO_PIC = NO;
				GCC_OPTIMIZATION_LEVEL = 0;
				GCC_PREPROCESSOR_DEFINITIONS = (
					"DEBUG=1",
					"$(inherited)",
				);
				GCC_SYMBOLS_PRIVATE_EXTERN = NO;
				GCC_WARN_ABOUT_RETURN_TYPE = YES;
				GCC_WARN_UNINITIALIZED_AUTOS = YES;
				GCC_WARN_UNUSED_VARIABLE = YES;
				IPHONEOS_DEPLOYMENT_TARGET = 6.1;
				ONLY_ACTIVE_ARCH = YES;
				SDKROOT = iphoneos;
				TARGETED_DEVICE_FAMILY = "1,2";
			};
			name = Debug;
		};
		FAE11F6A1721869200374D47 /* Release */ = {
			isa = XCBuildConfiguration;
			buildSettings = {
				ALWAYS_SEARCH_USER_PATHS = NO;
				CLANG_CXX_LANGUAGE_STANDARD = "gnu++0x";
				CLANG_CXX_LIBRARY = "libc++";
				CLANG_ENABLE_OBJC_ARC = YES;
				CLANG_WARN_CONSTANT_CONVERSION = YES;
				CLANG_WARN_EMPTY_BODY = YES;
				CLANG_WARN_ENUM_CONVERSION = YES;
				CLANG_WARN_INT_CONVERSION = YES;
				CLANG_WARN__DUPLICATE_METHOD_MATCH = YES;
				"CODE_SIGN_IDENTITY[sdk=iphoneos*]" = "iPhone Developer";
				COPY_PHASE_STRIP = YES;
				GCC_C_LANGUAGE_STANDARD = gnu99;
				GCC_WARN_ABOUT_RETURN_TYPE = YES;
				GCC_WARN_UNINITIALIZED_AUTOS = YES;
				GCC_WARN_UNUSED_VARIABLE = YES;
				IPHONEOS_DEPLOYMENT_TARGET = 6.1;
				OTHER_CFLAGS = "-DNS_BLOCK_ASSERTIONS=1";
				SDKROOT = iphoneos;
				TARGETED_DEVICE_FAMILY = "1,2";
				VALIDATE_PRODUCT = YES;
			};
			name = Release;
		};
		FAE11F6C1721869200374D47 /* Debug */ = {
			isa = XCBuildConfiguration;
			buildSettings = {
				GCC_PRECOMPILE_PREFIX_HEADER = YES;
				GCC_PREFIX_HEADER = "CardioMood/CardioMood-Prefix.pch";
				HEADER_SEARCH_PATHS = ClientServerInteraction.iOS/ClientServerInteraction.iOS;
				INFOPLIST_FILE = "CardioMood/CardioMood-Info.plist";
				OTHER_LDFLAGS = (
					"-all_load",
					"-ObjC",
				);
				PRODUCT_NAME = "$(TARGET_NAME)";
				WRAPPER_EXTENSION = app;
			};
			name = Debug;
		};
		FAE11F6D1721869200374D47 /* Release */ = {
			isa = XCBuildConfiguration;
			buildSettings = {
				GCC_PRECOMPILE_PREFIX_HEADER = YES;
				GCC_PREFIX_HEADER = "CardioMood/CardioMood-Prefix.pch";
				HEADER_SEARCH_PATHS = ClientServerInteraction.iOS/ClientServerInteraction.iOS;
				INFOPLIST_FILE = "CardioMood/CardioMood-Info.plist";
				OTHER_LDFLAGS = (
					"-all_load",
					"-ObjC",
				);
				PRODUCT_NAME = "$(TARGET_NAME)";
				WRAPPER_EXTENSION = app;
			};
			name = Release;
		};
/* End XCBuildConfiguration section */

/* Begin XCConfigurationList section */
		FAE11F351721869100374D47 /* Build configuration list for PBXProject "CardioMood" */ = {
			isa = XCConfigurationList;
			buildConfigurations = (
				FAE11F691721869200374D47 /* Debug */,
				FAE11F6A1721869200374D47 /* Release */,
			);
			defaultConfigurationIsVisible = 0;
			defaultConfigurationName = Release;
		};
		FAE11F6B1721869200374D47 /* Build configuration list for PBXNativeTarget "CardioMood" */ = {
			isa = XCConfigurationList;
			buildConfigurations = (
				FAE11F6C1721869200374D47 /* Debug */,
				FAE11F6D1721869200374D47 /* Release */,
			);
			defaultConfigurationIsVisible = 0;
		};
/* End XCConfigurationList section */
	};
	rootObject = FAE11F321721869100374D47 /* Project object */;
}
