// !$*UTF8*$!
{
	archiveVersion = 1;
	classes = {
	};
	objectVersion = 46;
	objects = {

/* Begin PBXBuildFile section */
		5B9A7C6B16F75ECB006DE99F /* QTKit.framework in Frameworks */ = {isa = PBXBuildFile; fileRef = 5B9A7C6A16F75ECB006DE99F /* QTKit.framework */; };
		5BAB627916F72EF300A6F17C /* zxing-objc-framework.framework in Frameworks */ = {isa = PBXBuildFile; fileRef = 5BDEF8FD16F264BB00AE37CB /* zxing-objc-framework.framework */; };
		5BAB627B16F72FA400A6F17C /* zxing-objc-framework.framework in Copy Files (1 item) */ = {isa = PBXBuildFile; fileRef = 5BDEF8FD16F264BB00AE37CB /* zxing-objc-framework.framework */; };
		FA150A4916FC5B1F00ACE66E /* Base64.m in Sources */ = {isa = PBXBuildFile; fileRef = FA150A4816FC5B1F00ACE66E /* Base64.m */; };
		FA65400716F0A90E009FF002 /* DataBaseInteraction.m in Sources */ = {isa = PBXBuildFile; fileRef = FA65400616F0A90E009FF002 /* DataBaseInteraction.m */; };
		FA9BA22017019EDB00052CB2 /* MainViewController.xib in Resources */ = {isa = PBXBuildFile; fileRef = FA9BA22217019EDB00052CB2 /* MainViewController.xib */; };
		FA9BA2241701A08900052CB2 /* ScanWindowController.xib in Resources */ = {isa = PBXBuildFile; fileRef = FA9BA2261701A08900052CB2 /* ScanWindowController.xib */; };
		FABA8B6616F8878C007F919D /* AppIcon.icns in Resources */ = {isa = PBXBuildFile; fileRef = FABA8B6516F8878C007F919D /* AppIcon.icns */; };
		FAD02E2F16F081C7009FC45B /* libsqlite3.0.dylib in Frameworks */ = {isa = PBXBuildFile; fileRef = FAD02E2E16F081C7009FC45B /* libsqlite3.0.dylib */; };
		FAD02E3116F0838D009FC45B /* AVFoundation.framework in Frameworks */ = {isa = PBXBuildFile; fileRef = FAD02E3016F0838C009FC45B /* AVFoundation.framework */; };
		FAD02E3316F083AE009FC45B /* QuartzCore.framework in Frameworks */ = {isa = PBXBuildFile; fileRef = FAD02E3216F083AE009FC45B /* QuartzCore.framework */; };
		FAD02E3516F083BB009FC45B /* libiconv.dylib in Frameworks */ = {isa = PBXBuildFile; fileRef = FAD02E3416F083BB009FC45B /* libiconv.dylib */; };
		FAD02E3716F083CB009FC45B /* CoreVideo.framework in Frameworks */ = {isa = PBXBuildFile; fileRef = FAD02E3616F083CB009FC45B /* CoreVideo.framework */; };
		FAD02E3916F083D3009FC45B /* CoreMedia.framework in Frameworks */ = {isa = PBXBuildFile; fileRef = FAD02E3816F083D3009FC45B /* CoreMedia.framework */; };
		FAD02E3B16F083E0009FC45B /* AudioToolbox.framework in Frameworks */ = {isa = PBXBuildFile; fileRef = FAD02E3A16F083E0009FC45B /* AudioToolbox.framework */; };
		FAD88D8C16F9ACA5001B013D /* shutter.aiff in Resources */ = {isa = PBXBuildFile; fileRef = FAD88D8B16F9ACA5001B013D /* shutter.aiff */; };
		FAF9023716809066006F7E6D /* SystemConfiguration.framework in Frameworks */ = {isa = PBXBuildFile; fileRef = FAF9023616809066006F7E6D /* SystemConfiguration.framework */; };
		FAF902621680A933006F7E6D /* JSONKit.m in Sources */ = {isa = PBXBuildFile; fileRef = FAF902611680A932006F7E6D /* JSONKit.m */; settings = {COMPILER_FLAGS = "-fno-objc-arc"; }; };
		FAF956B41701AB510033D5DD /* Localizable.strings in Resources */ = {isa = PBXBuildFile; fileRef = FAF956B61701AB510033D5DD /* Localizable.strings */; };
		FAF956BD1701ACA50033D5DD /* ScanWindowController.m in Sources */ = {isa = PBXBuildFile; fileRef = FAF956BC1701ACA50033D5DD /* ScanWindowController.m */; };
		FAF956BF1701B1CE0033D5DD /* Settings.plist in Resources */ = {isa = PBXBuildFile; fileRef = FAF956BE1701B1CD0033D5DD /* Settings.plist */; };
		FAFAD73A167E57DB005C8FE6 /* Cocoa.framework in Frameworks */ = {isa = PBXBuildFile; fileRef = FAFAD739167E57DB005C8FE6 /* Cocoa.framework */; };
		FAFAD744167E57DB005C8FE6 /* InfoPlist.strings in Resources */ = {isa = PBXBuildFile; fileRef = FAFAD742167E57DB005C8FE6 /* InfoPlist.strings */; };
		FAFAD746167E57DB005C8FE6 /* main.m in Sources */ = {isa = PBXBuildFile; fileRef = FAFAD745167E57DB005C8FE6 /* main.m */; };
		FAFAD74A167E57DB005C8FE6 /* Credits.rtf in Resources */ = {isa = PBXBuildFile; fileRef = FAFAD748167E57DB005C8FE6 /* Credits.rtf */; };
		FAFAD74D167E57DB005C8FE6 /* AppDelegate.m in Sources */ = {isa = PBXBuildFile; fileRef = FAFAD74C167E57DB005C8FE6 /* AppDelegate.m */; };
		FAFAD766167E6B2D005C8FE6 /* User.m in Sources */ = {isa = PBXBuildFile; fileRef = FAFAD765167E6B2D005C8FE6 /* User.m */; };
		FAFAD76C167EF67F005C8FE6 /* IOBluetooth.framework in Frameworks */ = {isa = PBXBuildFile; fileRef = FAFAD76B167EF67F005C8FE6 /* IOBluetooth.framework */; };
		FAFAD797167F2BE6005C8FE6 /* MainWindow.xib in Resources */ = {isa = PBXBuildFile; fileRef = FAFAD796167F2BE6005C8FE6 /* MainWindow.xib */; };
		FAFAD79B167F2C3F005C8FE6 /* MainViewController.m in Sources */ = {isa = PBXBuildFile; fileRef = FAFAD799167F2C3F005C8FE6 /* MainViewController.m */; };
/* End PBXBuildFile section */

/* Begin PBXContainerItemProxy section */
		5BDEF8FA16F264BB00AE37CB /* PBXContainerItemProxy */ = {
			isa = PBXContainerItemProxy;
			containerPortal = 5BDEF8F416F264BB00AE37CB /* zxing-objc.xcodeproj */;
			proxyType = 2;
			remoteGlobalIDString = 3B83EB25158E6C5100A3B31F;
			remoteInfo = "zxing-objc";
		};
		5BDEF8FC16F264BB00AE37CB /* PBXContainerItemProxy */ = {
			isa = PBXContainerItemProxy;
			containerPortal = 5BDEF8F416F264BB00AE37CB /* zxing-objc.xcodeproj */;
			proxyType = 2;
			remoteGlobalIDString = 3B83EB90158E71AD00A3B31F;
			remoteInfo = "zxing-objc-framework";
		};
/* End PBXContainerItemProxy section */

/* Begin PBXCopyFilesBuildPhase section */
		5BAB627A16F72F9600A6F17C /* Copy Files (1 item) */ = {
			isa = PBXCopyFilesBuildPhase;
			buildActionMask = 2147483647;
			dstPath = "";
			dstSubfolderSpec = 10;
			files = (
				5BAB627B16F72FA400A6F17C /* zxing-objc-framework.framework in Copy Files (1 item) */,
			);
			name = "Copy Files (1 item)";
			runOnlyForDeploymentPostprocessing = 0;
		};
/* End PBXCopyFilesBuildPhase section */

/* Begin PBXFileReference section */
		5B9A7C6A16F75ECB006DE99F /* QTKit.framework */ = {isa = PBXFileReference; lastKnownFileType = wrapper.framework; name = QTKit.framework; path = System/Library/Frameworks/QTKit.framework; sourceTree = SDKROOT; };
		5BB6690D16F7AAF20044EF88 /* ScanWindowController.h */ = {isa = PBXFileReference; fileEncoding = 4; lastKnownFileType = sourcecode.c.h; path = ScanWindowController.h; sourceTree = "<group>"; };
		5BDEF8F416F264BB00AE37CB /* zxing-objc.xcodeproj */ = {isa = PBXFileReference; lastKnownFileType = "wrapper.pb-project"; name = "zxing-objc.xcodeproj"; path = "zxing/objc/zxing-objc.xcodeproj"; sourceTree = "<group>"; };
		FA150A4716FC5B1F00ACE66E /* Base64.h */ = {isa = PBXFileReference; fileEncoding = 4; lastKnownFileType = sourcecode.c.h; path = Base64.h; sourceTree = "<group>"; };
		FA150A4816FC5B1F00ACE66E /* Base64.m */ = {isa = PBXFileReference; fileEncoding = 4; lastKnownFileType = sourcecode.c.objc; path = Base64.m; sourceTree = "<group>"; };
		FA65400516F0A90E009FF002 /* DataBaseInteraction.h */ = {isa = PBXFileReference; fileEncoding = 4; lastKnownFileType = sourcecode.c.h; path = DataBaseInteraction.h; sourceTree = "<group>"; };
		FA65400616F0A90E009FF002 /* DataBaseInteraction.m */ = {isa = PBXFileReference; fileEncoding = 4; lastKnownFileType = sourcecode.c.objc; path = DataBaseInteraction.m; sourceTree = "<group>"; };
		FA9BA21C17019BA700052CB2 /* ru */ = {isa = PBXFileReference; lastKnownFileType = text.plist.strings; name = ru; path = ru.lproj/InfoPlist.strings; sourceTree = "<group>"; };
		FA9BA21F17019BA800052CB2 /* ru */ = {isa = PBXFileReference; lastKnownFileType = text.rtf; name = ru; path = ru.lproj/Credits.rtf; sourceTree = "<group>"; };
		FA9BA22117019EDB00052CB2 /* en */ = {isa = PBXFileReference; lastKnownFileType = file.xib; name = en; path = en.lproj/MainViewController.xib; sourceTree = "<group>"; };
		FA9BA22317019EE400052CB2 /* ru */ = {isa = PBXFileReference; lastKnownFileType = file.xib; name = ru; path = ru.lproj/MainViewController.xib; sourceTree = "<group>"; };
		FA9BA2251701A08900052CB2 /* en */ = {isa = PBXFileReference; lastKnownFileType = file.xib; name = en; path = en.lproj/ScanWindowController.xib; sourceTree = "<group>"; };
		FA9BA2271701A08D00052CB2 /* ru */ = {isa = PBXFileReference; lastKnownFileType = file.xib; name = ru; path = ru.lproj/ScanWindowController.xib; sourceTree = "<group>"; };
		FABA8B6516F8878C007F919D /* AppIcon.icns */ = {isa = PBXFileReference; lastKnownFileType = image.icns; name = AppIcon.icns; path = ../AppIcon.icns; sourceTree = "<group>"; };
		FAD02E2E16F081C7009FC45B /* libsqlite3.0.dylib */ = {isa = PBXFileReference; lastKnownFileType = "compiled.mach-o.dylib"; name = libsqlite3.0.dylib; path = usr/lib/libsqlite3.0.dylib; sourceTree = SDKROOT; };
		FAD02E3016F0838C009FC45B /* AVFoundation.framework */ = {isa = PBXFileReference; lastKnownFileType = wrapper.framework; name = AVFoundation.framework; path = System/Library/Frameworks/AVFoundation.framework; sourceTree = SDKROOT; };
		FAD02E3216F083AE009FC45B /* QuartzCore.framework */ = {isa = PBXFileReference; lastKnownFileType = wrapper.framework; name = QuartzCore.framework; path = System/Library/Frameworks/QuartzCore.framework; sourceTree = SDKROOT; };
		FAD02E3416F083BB009FC45B /* libiconv.dylib */ = {isa = PBXFileReference; lastKnownFileType = "compiled.mach-o.dylib"; name = libiconv.dylib; path = usr/lib/libiconv.dylib; sourceTree = SDKROOT; };
		FAD02E3616F083CB009FC45B /* CoreVideo.framework */ = {isa = PBXFileReference; lastKnownFileType = wrapper.framework; name = CoreVideo.framework; path = System/Library/Frameworks/CoreVideo.framework; sourceTree = SDKROOT; };
		FAD02E3816F083D3009FC45B /* CoreMedia.framework */ = {isa = PBXFileReference; lastKnownFileType = wrapper.framework; name = CoreMedia.framework; path = System/Library/Frameworks/CoreMedia.framework; sourceTree = SDKROOT; };
		FAD02E3A16F083E0009FC45B /* AudioToolbox.framework */ = {isa = PBXFileReference; lastKnownFileType = wrapper.framework; name = AudioToolbox.framework; path = System/Library/Frameworks/AudioToolbox.framework; sourceTree = SDKROOT; };
		FAD88D8B16F9ACA5001B013D /* shutter.aiff */ = {isa = PBXFileReference; lastKnownFileType = audio.aiff; path = shutter.aiff; sourceTree = "<group>"; };
		FAF9023616809066006F7E6D /* SystemConfiguration.framework */ = {isa = PBXFileReference; lastKnownFileType = wrapper.framework; name = SystemConfiguration.framework; path = System/Library/Frameworks/SystemConfiguration.framework; sourceTree = SDKROOT; };
		FAF902601680A932006F7E6D /* JSONKit.h */ = {isa = PBXFileReference; fileEncoding = 4; lastKnownFileType = sourcecode.c.h; path = JSONKit.h; sourceTree = "<group>"; };
		FAF902611680A932006F7E6D /* JSONKit.m */ = {isa = PBXFileReference; fileEncoding = 4; lastKnownFileType = sourcecode.c.objc; path = JSONKit.m; sourceTree = "<group>"; };
		FAF956B51701AB510033D5DD /* en */ = {isa = PBXFileReference; lastKnownFileType = file; name = en; path = en.lproj/Localizable.strings; sourceTree = "<group>"; };
		FAF956B71701AB550033D5DD /* ru */ = {isa = PBXFileReference; lastKnownFileType = file; name = ru; path = ru.lproj/Localizable.strings; sourceTree = "<group>"; };
		FAF956BC1701ACA50033D5DD /* ScanWindowController.m */ = {isa = PBXFileReference; fileEncoding = 4; lastKnownFileType = sourcecode.c.objc; path = ScanWindowController.m; sourceTree = "<group>"; };
		FAF956BE1701B1CD0033D5DD /* Settings.plist */ = {isa = PBXFileReference; fileEncoding = 4; lastKnownFileType = text.plist.xml; path = Settings.plist; sourceTree = "<group>"; };
		FAFAD735167E57DB005C8FE6 /* TeamHRM.app */ = {isa = PBXFileReference; explicitFileType = wrapper.application; includeInIndex = 0; path = TeamHRM.app; sourceTree = BUILT_PRODUCTS_DIR; };
		FAFAD739167E57DB005C8FE6 /* Cocoa.framework */ = {isa = PBXFileReference; lastKnownFileType = wrapper.framework; name = Cocoa.framework; path = System/Library/Frameworks/Cocoa.framework; sourceTree = SDKROOT; };
		FAFAD73C167E57DB005C8FE6 /* AppKit.framework */ = {isa = PBXFileReference; lastKnownFileType = wrapper.framework; name = AppKit.framework; path = System/Library/Frameworks/AppKit.framework; sourceTree = SDKROOT; };
		FAFAD73D167E57DB005C8FE6 /* CoreData.framework */ = {isa = PBXFileReference; lastKnownFileType = wrapper.framework; name = CoreData.framework; path = System/Library/Frameworks/CoreData.framework; sourceTree = SDKROOT; };
		FAFAD73E167E57DB005C8FE6 /* Foundation.framework */ = {isa = PBXFileReference; lastKnownFileType = wrapper.framework; name = Foundation.framework; path = System/Library/Frameworks/Foundation.framework; sourceTree = SDKROOT; };
		FAFAD741167E57DB005C8FE6 /* TeamHRM-Info.plist */ = {isa = PBXFileReference; lastKnownFileType = text.plist.xml; path = "TeamHRM-Info.plist"; sourceTree = "<group>"; };
		FAFAD743167E57DB005C8FE6 /* en */ = {isa = PBXFileReference; lastKnownFileType = text.plist.strings; name = en; path = en.lproj/InfoPlist.strings; sourceTree = "<group>"; };
		FAFAD745167E57DB005C8FE6 /* main.m */ = {isa = PBXFileReference; lastKnownFileType = sourcecode.c.objc; path = main.m; sourceTree = "<group>"; };
		FAFAD747167E57DB005C8FE6 /* TeamHRM-Prefix.pch */ = {isa = PBXFileReference; lastKnownFileType = sourcecode.c.h; path = "TeamHRM-Prefix.pch"; sourceTree = "<group>"; };
		FAFAD749167E57DB005C8FE6 /* en */ = {isa = PBXFileReference; lastKnownFileType = text.rtf; name = en; path = en.lproj/Credits.rtf; sourceTree = "<group>"; };
		FAFAD74B167E57DB005C8FE6 /* AppDelegate.h */ = {isa = PBXFileReference; lastKnownFileType = sourcecode.c.h; path = AppDelegate.h; sourceTree = "<group>"; };
		FAFAD74C167E57DB005C8FE6 /* AppDelegate.m */ = {isa = PBXFileReference; lastKnownFileType = sourcecode.c.objc; path = AppDelegate.m; sourceTree = "<group>"; };
		FAFAD764167E6B2D005C8FE6 /* User.h */ = {isa = PBXFileReference; fileEncoding = 4; lastKnownFileType = sourcecode.c.h; path = User.h; sourceTree = "<group>"; };
		FAFAD765167E6B2D005C8FE6 /* User.m */ = {isa = PBXFileReference; fileEncoding = 4; lastKnownFileType = sourcecode.c.objc; path = User.m; sourceTree = "<group>"; };
		FAFAD76B167EF67F005C8FE6 /* IOBluetooth.framework */ = {isa = PBXFileReference; lastKnownFileType = wrapper.framework; name = IOBluetooth.framework; path = System/Library/Frameworks/IOBluetooth.framework; sourceTree = SDKROOT; };
		FAFAD796167F2BE6005C8FE6 /* MainWindow.xib */ = {isa = PBXFileReference; fileEncoding = 4; lastKnownFileType = file.xib; path = MainWindow.xib; sourceTree = "<group>"; };
		FAFAD798167F2C3F005C8FE6 /* MainViewController.h */ = {isa = PBXFileReference; fileEncoding = 4; lastKnownFileType = sourcecode.c.h; path = MainViewController.h; sourceTree = "<group>"; };
		FAFAD799167F2C3F005C8FE6 /* MainViewController.m */ = {isa = PBXFileReference; fileEncoding = 4; lastKnownFileType = sourcecode.c.objc; path = MainViewController.m; sourceTree = "<group>"; };
/* End PBXFileReference section */

/* Begin PBXFrameworksBuildPhase section */
		FAFAD732167E57DB005C8FE6 /* Frameworks */ = {
			isa = PBXFrameworksBuildPhase;
			buildActionMask = 2147483647;
			files = (
				5B9A7C6B16F75ECB006DE99F /* QTKit.framework in Frameworks */,
				5BAB627916F72EF300A6F17C /* zxing-objc-framework.framework in Frameworks */,
				FAD02E3B16F083E0009FC45B /* AudioToolbox.framework in Frameworks */,
				FAD02E3916F083D3009FC45B /* CoreMedia.framework in Frameworks */,
				FAD02E3716F083CB009FC45B /* CoreVideo.framework in Frameworks */,
				FAD02E3516F083BB009FC45B /* libiconv.dylib in Frameworks */,
				FAD02E3316F083AE009FC45B /* QuartzCore.framework in Frameworks */,
				FAD02E3116F0838D009FC45B /* AVFoundation.framework in Frameworks */,
				FAD02E2F16F081C7009FC45B /* libsqlite3.0.dylib in Frameworks */,
				FAF9023716809066006F7E6D /* SystemConfiguration.framework in Frameworks */,
				FAFAD76C167EF67F005C8FE6 /* IOBluetooth.framework in Frameworks */,
				FAFAD73A167E57DB005C8FE6 /* Cocoa.framework in Frameworks */,
			);
			runOnlyForDeploymentPostprocessing = 0;
		};
/* End PBXFrameworksBuildPhase section */

/* Begin PBXGroup section */
		5BDEF8F516F264BB00AE37CB /* Products */ = {
			isa = PBXGroup;
			children = (
				5BDEF8FB16F264BB00AE37CB /* libzxing-objc.a */,
				5BDEF8FD16F264BB00AE37CB /* zxing-objc-framework.framework */,
			);
			name = Products;
			sourceTree = "<group>";
		};
		FA150A4B16FC5B2D00ACE66E /* Base64 */ = {
			isa = PBXGroup;
			children = (
				FA150A4716FC5B1F00ACE66E /* Base64.h */,
				FA150A4816FC5B1F00ACE66E /* Base64.m */,
			);
			name = Base64;
			sourceTree = "<group>";
		};
		FABA8B6316F84823007F919D /* JSONKit */ = {
			isa = PBXGroup;
			children = (
				FAF902601680A932006F7E6D /* JSONKit.h */,
				FAF902611680A932006F7E6D /* JSONKit.m */,
			);
			name = JSONKit;
			sourceTree = "<group>";
		};
		FABA8B6416F84833007F919D /* DataBaseIntercation */ = {
			isa = PBXGroup;
			children = (
				FA65400516F0A90E009FF002 /* DataBaseInteraction.h */,
				FA65400616F0A90E009FF002 /* DataBaseInteraction.m */,
			);
			name = DataBaseIntercation;
			sourceTree = "<group>";
		};
		FAFAD72A167E57DB005C8FE6 = {
			isa = PBXGroup;
			children = (
				FAFAD73F167E57DB005C8FE6 /* TeamHRM */,
				FAFAD738167E57DB005C8FE6 /* Frameworks */,
				FAFAD736167E57DB005C8FE6 /* Products */,
				5BDEF8F416F264BB00AE37CB /* zxing-objc.xcodeproj */,
			);
			sourceTree = "<group>";
		};
		FAFAD736167E57DB005C8FE6 /* Products */ = {
			isa = PBXGroup;
			children = (
				FAFAD735167E57DB005C8FE6 /* TeamHRM.app */,
			);
			name = Products;
			sourceTree = "<group>";
		};
		FAFAD738167E57DB005C8FE6 /* Frameworks */ = {
			isa = PBXGroup;
			children = (
				5B9A7C6A16F75ECB006DE99F /* QTKit.framework */,
				FAD02E3A16F083E0009FC45B /* AudioToolbox.framework */,
				FAD02E3816F083D3009FC45B /* CoreMedia.framework */,
				FAD02E3616F083CB009FC45B /* CoreVideo.framework */,
				FAD02E3416F083BB009FC45B /* libiconv.dylib */,
				FAD02E3216F083AE009FC45B /* QuartzCore.framework */,
				FAD02E3016F0838C009FC45B /* AVFoundation.framework */,
				FAD02E2E16F081C7009FC45B /* libsqlite3.0.dylib */,
				FAF9023616809066006F7E6D /* SystemConfiguration.framework */,
				FAFAD76B167EF67F005C8FE6 /* IOBluetooth.framework */,
				FAFAD739167E57DB005C8FE6 /* Cocoa.framework */,
				FAFAD73B167E57DB005C8FE6 /* Other Frameworks */,
			);
			name = Frameworks;
			sourceTree = "<group>";
		};
		FAFAD73B167E57DB005C8FE6 /* Other Frameworks */ = {
			isa = PBXGroup;
			children = (
				FAFAD73C167E57DB005C8FE6 /* AppKit.framework */,
				FAFAD73D167E57DB005C8FE6 /* CoreData.framework */,
				FAFAD73E167E57DB005C8FE6 /* Foundation.framework */,
			);
			name = "Other Frameworks";
			sourceTree = "<group>";
		};
		FAFAD73F167E57DB005C8FE6 /* TeamHRM */ = {
			isa = PBXGroup;
			children = (
				FA150A4B16FC5B2D00ACE66E /* Base64 */,
				FABA8B6416F84833007F919D /* DataBaseIntercation */,
				FABA8B6316F84823007F919D /* JSONKit */,
				FAFAD74B167E57DB005C8FE6 /* AppDelegate.h */,
				FAFAD74C167E57DB005C8FE6 /* AppDelegate.m */,
				FAFAD740167E57DB005C8FE6 /* Supporting Files */,
				FAFAD764167E6B2D005C8FE6 /* User.h */,
				FAFAD765167E6B2D005C8FE6 /* User.m */,
				FAFAD796167F2BE6005C8FE6 /* MainWindow.xib */,
				FAFAD798167F2C3F005C8FE6 /* MainViewController.h */,
				FAFAD799167F2C3F005C8FE6 /* MainViewController.m */,
				FA9BA22217019EDB00052CB2 /* MainViewController.xib */,
				5BB6690D16F7AAF20044EF88 /* ScanWindowController.h */,
				FAF956BC1701ACA50033D5DD /* ScanWindowController.m */,
				FA9BA2261701A08900052CB2 /* ScanWindowController.xib */,
			);
			path = TeamHRM;
			sourceTree = "<group>";
		};
		FAFAD740167E57DB005C8FE6 /* Supporting Files */ = {
			isa = PBXGroup;
			children = (
				FAD88D8B16F9ACA5001B013D /* shutter.aiff */,
				FABA8B6516F8878C007F919D /* AppIcon.icns */,
				FAFAD741167E57DB005C8FE6 /* TeamHRM-Info.plist */,
				FAFAD742167E57DB005C8FE6 /* InfoPlist.strings */,
				FAFAD745167E57DB005C8FE6 /* main.m */,
				FAFAD747167E57DB005C8FE6 /* TeamHRM-Prefix.pch */,
				FAFAD748167E57DB005C8FE6 /* Credits.rtf */,
				FAF956B61701AB510033D5DD /* Localizable.strings */,
				FAF956BE1701B1CD0033D5DD /* Settings.plist */,
			);
			name = "Supporting Files";
			sourceTree = "<group>";
		};
/* End PBXGroup section */

/* Begin PBXNativeTarget section */
		FAFAD734167E57DB005C8FE6 /* TeamHRM */ = {
			isa = PBXNativeTarget;
			buildConfigurationList = FAFAD753167E57DB005C8FE6 /* Build configuration list for PBXNativeTarget "TeamHRM" */;
			buildPhases = (
				FAFAD731167E57DB005C8FE6 /* Sources */,
				FAFAD732167E57DB005C8FE6 /* Frameworks */,
				FAFAD733167E57DB005C8FE6 /* Resources */,
				5BAB627A16F72F9600A6F17C /* Copy Files (1 item) */,
			);
			buildRules = (
			);
			dependencies = (
			);
			name = TeamHRM;
			productName = TeamHRM;
			productReference = FAFAD735167E57DB005C8FE6 /* TeamHRM.app */;
			productType = "com.apple.product-type.application";
		};
/* End PBXNativeTarget section */

/* Begin PBXProject section */
		FAFAD72C167E57DB005C8FE6 /* Project object */ = {
			isa = PBXProject;
			attributes = {
				LastUpgradeCheck = 0450;
				ORGANIZATIONNAME = "Alexander O. Taraymovich";
			};
			buildConfigurationList = FAFAD72F167E57DB005C8FE6 /* Build configuration list for PBXProject "TeamHRM" */;
			compatibilityVersion = "Xcode 3.2";
			developmentRegion = English;
			hasScannedForEncodings = 0;
			knownRegions = (
				en,
				ru,
			);
			mainGroup = FAFAD72A167E57DB005C8FE6;
			productRefGroup = FAFAD736167E57DB005C8FE6 /* Products */;
			projectDirPath = "";
			projectReferences = (
				{
					ProductGroup = 5BDEF8F516F264BB00AE37CB /* Products */;
					ProjectRef = 5BDEF8F416F264BB00AE37CB /* zxing-objc.xcodeproj */;
				},
			);
			projectRoot = "";
			targets = (
				FAFAD734167E57DB005C8FE6 /* TeamHRM */,
			);
		};
/* End PBXProject section */

/* Begin PBXReferenceProxy section */
		5BDEF8FB16F264BB00AE37CB /* libzxing-objc.a */ = {
			isa = PBXReferenceProxy;
			fileType = archive.ar;
			path = "libzxing-objc.a";
			remoteRef = 5BDEF8FA16F264BB00AE37CB /* PBXContainerItemProxy */;
			sourceTree = BUILT_PRODUCTS_DIR;
		};
		5BDEF8FD16F264BB00AE37CB /* zxing-objc-framework.framework */ = {
			isa = PBXReferenceProxy;
			fileType = wrapper.framework;
			path = "zxing-objc-framework.framework";
			remoteRef = 5BDEF8FC16F264BB00AE37CB /* PBXContainerItemProxy */;
			sourceTree = BUILT_PRODUCTS_DIR;
		};
/* End PBXReferenceProxy section */

/* Begin PBXResourcesBuildPhase section */
		FAFAD733167E57DB005C8FE6 /* Resources */ = {
			isa = PBXResourcesBuildPhase;
			buildActionMask = 2147483647;
			files = (
				FAFAD744167E57DB005C8FE6 /* InfoPlist.strings in Resources */,
				FAFAD74A167E57DB005C8FE6 /* Credits.rtf in Resources */,
				FAFAD797167F2BE6005C8FE6 /* MainWindow.xib in Resources */,
				FA9BA22017019EDB00052CB2 /* MainViewController.xib in Resources */,
				FA9BA2241701A08900052CB2 /* ScanWindowController.xib in Resources */,
				FABA8B6616F8878C007F919D /* AppIcon.icns in Resources */,
				FAD88D8C16F9ACA5001B013D /* shutter.aiff in Resources */,
				FAF956B41701AB510033D5DD /* Localizable.strings in Resources */,
				FAF956BF1701B1CE0033D5DD /* Settings.plist in Resources */,
			);
			runOnlyForDeploymentPostprocessing = 0;
		};
/* End PBXResourcesBuildPhase section */

/* Begin PBXSourcesBuildPhase section */
		FAFAD731167E57DB005C8FE6 /* Sources */ = {
			isa = PBXSourcesBuildPhase;
			buildActionMask = 2147483647;
			files = (
				FAFAD746167E57DB005C8FE6 /* main.m in Sources */,
				FAFAD74D167E57DB005C8FE6 /* AppDelegate.m in Sources */,
				FAFAD766167E6B2D005C8FE6 /* User.m in Sources */,
				FAFAD79B167F2C3F005C8FE6 /* MainViewController.m in Sources */,
				FAF902621680A933006F7E6D /* JSONKit.m in Sources */,
				FA65400716F0A90E009FF002 /* DataBaseInteraction.m in Sources */,
				FA150A4916FC5B1F00ACE66E /* Base64.m in Sources */,
				FAF956BD1701ACA50033D5DD /* ScanWindowController.m in Sources */,
			);
			runOnlyForDeploymentPostprocessing = 0;
		};
/* End PBXSourcesBuildPhase section */

/* Begin PBXVariantGroup section */
		FA9BA22217019EDB00052CB2 /* MainViewController.xib */ = {
			isa = PBXVariantGroup;
			children = (
				FA9BA22117019EDB00052CB2 /* en */,
				FA9BA22317019EE400052CB2 /* ru */,
			);
			name = MainViewController.xib;
			sourceTree = "<group>";
		};
		FA9BA2261701A08900052CB2 /* ScanWindowController.xib */ = {
			isa = PBXVariantGroup;
			children = (
				FA9BA2251701A08900052CB2 /* en */,
				FA9BA2271701A08D00052CB2 /* ru */,
			);
			name = ScanWindowController.xib;
			sourceTree = "<group>";
		};
		FAF956B61701AB510033D5DD /* Localizable.strings */ = {
			isa = PBXVariantGroup;
			children = (
				FAF956B51701AB510033D5DD /* en */,
				FAF956B71701AB550033D5DD /* ru */,
			);
			name = Localizable.strings;
			sourceTree = "<group>";
		};
		FAFAD742167E57DB005C8FE6 /* InfoPlist.strings */ = {
			isa = PBXVariantGroup;
			children = (
				FAFAD743167E57DB005C8FE6 /* en */,
				FA9BA21C17019BA700052CB2 /* ru */,
			);
			name = InfoPlist.strings;
			sourceTree = "<group>";
		};
		FAFAD748167E57DB005C8FE6 /* Credits.rtf */ = {
			isa = PBXVariantGroup;
			children = (
				FAFAD749167E57DB005C8FE6 /* en */,
				FA9BA21F17019BA800052CB2 /* ru */,
			);
			name = Credits.rtf;
			sourceTree = "<group>";
		};
/* End PBXVariantGroup section */

/* Begin XCBuildConfiguration section */
		FAFAD751167E57DB005C8FE6 /* Debug */ = {
			isa = XCBuildConfiguration;
			buildSettings = {
				ALWAYS_SEARCH_USER_PATHS = YES;
				ARCHS = "$(ARCHS_STANDARD_64_BIT)";
				CLANG_CXX_LANGUAGE_STANDARD = "compiler-default";
				CLANG_CXX_LIBRARY = "compiler-default";
				CLANG_ENABLE_OBJC_ARC = YES;
				CLANG_WARN_EMPTY_BODY = YES;
				CLANG_WARN__DUPLICATE_METHOD_MATCH = YES;
				COPY_PHASE_STRIP = NO;
				GCC_C_LANGUAGE_STANDARD = gnu99;
				GCC_DYNAMIC_NO_PIC = NO;
				GCC_ENABLE_OBJC_EXCEPTIONS = YES;
				GCC_OPTIMIZATION_LEVEL = 0;
				GCC_PREPROCESSOR_DEFINITIONS = (
					"DEBUG=1",
					"$(inherited)",
				);
				GCC_SYMBOLS_PRIVATE_EXTERN = NO;
				GCC_WARN_64_TO_32_BIT_CONVERSION = YES;
				GCC_WARN_ABOUT_RETURN_TYPE = YES;
				GCC_WARN_UNINITIALIZED_AUTOS = YES;
				GCC_WARN_UNUSED_VARIABLE = YES;
				HEADER_SEARCH_PATHS = (
					zxing/cpp/core/src,
					zxing/objc/src,
				);
				MACOSX_DEPLOYMENT_TARGET = 10.7;
				ONLY_ACTIVE_ARCH = YES;
				SDKROOT = macosx;
			};
			name = Debug;
		};
		FAFAD752167E57DB005C8FE6 /* Release */ = {
			isa = XCBuildConfiguration;
			buildSettings = {
				ALWAYS_SEARCH_USER_PATHS = YES;
				ARCHS = "$(ARCHS_STANDARD_64_BIT)";
				CLANG_CXX_LANGUAGE_STANDARD = "compiler-default";
				CLANG_CXX_LIBRARY = "compiler-default";
				CLANG_ENABLE_OBJC_ARC = YES;
				CLANG_WARN_EMPTY_BODY = YES;
				CLANG_WARN__DUPLICATE_METHOD_MATCH = YES;
				COPY_PHASE_STRIP = YES;
				DEBUG_INFORMATION_FORMAT = "dwarf-with-dsym";
				GCC_C_LANGUAGE_STANDARD = gnu99;
				GCC_ENABLE_OBJC_EXCEPTIONS = YES;
				GCC_WARN_64_TO_32_BIT_CONVERSION = YES;
				GCC_WARN_ABOUT_RETURN_TYPE = YES;
				GCC_WARN_UNINITIALIZED_AUTOS = YES;
				GCC_WARN_UNUSED_VARIABLE = YES;
				HEADER_SEARCH_PATHS = (
					zxing/cpp/core/src,
					zxing/objc/src,
				);
				MACOSX_DEPLOYMENT_TARGET = 10.7;
				ONLY_ACTIVE_ARCH = YES;
				SDKROOT = macosx;
			};
			name = Release;
		};
		FAFAD754167E57DB005C8FE6 /* Debug */ = {
			isa = XCBuildConfiguration;
			buildSettings = {
				COMBINE_HIDPI_IMAGES = YES;
				FRAMEWORK_SEARCH_PATHS = (
					"$(inherited)",
					"\"$(SRCROOT)/TeamHRM\"",
				);
				GCC_PRECOMPILE_PREFIX_HEADER = YES;
				GCC_PREFIX_HEADER = "TeamHRM/TeamHRM-Prefix.pch";
				INFOPLIST_FILE = "TeamHRM/TeamHRM-Info.plist";
				LIBRARY_SEARCH_PATHS = (
					"$(inherited)",
					"\"$(SRCROOT)/TeamHRM\"",
				);
				PRODUCT_NAME = "$(TARGET_NAME)";
				WRAPPER_EXTENSION = app;
			};
			name = Debug;
		};
		FAFAD755167E57DB005C8FE6 /* Release */ = {
			isa = XCBuildConfiguration;
			buildSettings = {
				COMBINE_HIDPI_IMAGES = YES;
				FRAMEWORK_SEARCH_PATHS = (
					"$(inherited)",
					"\"$(SRCROOT)/TeamHRM\"",
				);
				GCC_PRECOMPILE_PREFIX_HEADER = YES;
				GCC_PREFIX_HEADER = "TeamHRM/TeamHRM-Prefix.pch";
				INFOPLIST_FILE = "TeamHRM/TeamHRM-Info.plist";
				LIBRARY_SEARCH_PATHS = (
					"$(inherited)",
					"\"$(SRCROOT)/TeamHRM\"",
				);
				PRODUCT_NAME = "$(TARGET_NAME)";
				WRAPPER_EXTENSION = app;
			};
			name = Release;
		};
/* End XCBuildConfiguration section */

/* Begin XCConfigurationList section */
		FAFAD72F167E57DB005C8FE6 /* Build configuration list for PBXProject "TeamHRM" */ = {
			isa = XCConfigurationList;
			buildConfigurations = (
				FAFAD751167E57DB005C8FE6 /* Debug */,
				FAFAD752167E57DB005C8FE6 /* Release */,
			);
			defaultConfigurationIsVisible = 0;
			defaultConfigurationName = Release;
		};
		FAFAD753167E57DB005C8FE6 /* Build configuration list for PBXNativeTarget "TeamHRM" */ = {
			isa = XCConfigurationList;
			buildConfigurations = (
				FAFAD754167E57DB005C8FE6 /* Debug */,
				FAFAD755167E57DB005C8FE6 /* Release */,
			);
			defaultConfigurationIsVisible = 0;
			defaultConfigurationName = Release;
		};
/* End XCConfigurationList section */
	};
	rootObject = FAFAD72C167E57DB005C8FE6 /* Project object */;
}
